
Microsoft Visual Studio Solution File, Format Version 12.00
# Visual Studio Version 17
VisualStudioVersion = 17.0.32112.339
MinimumVisualStudioVersion = 10.0.40219.1
Project("{FAE04EC0-301F-11D3-BF4B-00C04F79EFBC}") = "AppJobsTCC.Android", "AppJobsTCC.Android\AppJobsTCC.Android.csproj", "{9EBF0C07-4C48-4323-A5CE-FA504E9171C8}"
EndProject
Project("{FAE04EC0-301F-11D3-BF4B-00C04F79EFBC}") = "AppJobsTCC", "AppJobsTCC\AppJobsTCC.csproj", "{6A8C3E3B-9180-4616-B50E-FEA0A7199353}"
EndProject
Global
	GlobalSection(SolutionConfigurationPlatforms) = preSolution
		Debug|Any CPU = Debug|Any CPU
		Release|Any CPU = Release|Any CPU
	EndGlobalSection
	GlobalSection(ProjectConfigurationPlatforms) = postSolution
		{9EBF0C07-4C48-4323-A5CE-FA504E9171C8}.Debug|Any CPU.ActiveCfg = Debug|Any CPU
		{9EBF0C07-4C48-4323-A5CE-FA504E9171C8}.Debug|Any CPU.Build.0 = Debug|Any CPU
		{9EBF0C07-4C48-4323-A5CE-FA504E9171C8}.Debug|Any CPU.Deploy.0 = Debug|Any CPU
		{9EBF0C07-4C48-4323-A5CE-FA504E9171C8}.Release|Any CPU.ActiveCfg = Release|Any CPU
		{9EBF0C07-4C48-4323-A5CE-FA504E9171C8}.Release|Any CPU.Build.0 = Release|Any CPU
		{9EBF0C07-4C48-4323-A5CE-FA504E9171C8}.Release|Any CPU.Deploy.0 = Release|Any CPU
		{6A8C3E3B-9180-4616-B50E-FEA0A7199353}.Debug|Any CPU.ActiveCfg = Debug|Any CPU
		{6A8C3E3B-9180-4616-B50E-FEA0A7199353}.Debug|Any CPU.Build.0 = Debug|Any CPU
		{6A8C3E3B-9180-4616-B50E-FEA0A7199353}.Debug|Any CPU.Deploy.0 = Debug|Any CPU
		{6A8C3E3B-9180-4616-B50E-FEA0A7199353}.Release|Any CPU.ActiveCfg = Release|Any CPU
		{6A8C3E3B-9180-4616-B50E-FEA0A7199353}.Release|Any CPU.Build.0 = Release|Any CPU
		{6A8C3E3B-9180-4616-B50E-FEA0A7199353}.Release|Any CPU.Deploy.0 = Release|Any CPU
	EndGlobalSection
	GlobalSection(SolutionProperties) = preSolution
		HideSolutionNode = FALSE
	EndGlobalSection
	GlobalSection(ExtensibilityGlobals) = postSolution
		SolutionGuid = {205195F0-C061-4535-8DE5-26A774413279}
	EndGlobalSection
EndGlobal
